// !$*UTF8*$!
{
	archiveVersion = 1;
	classes = {
	};
	objectVersion = 56;
	objects = {

/* Begin PBXBuildFile section */
		03782A052AE3838D00355321 /* AppDelegate.swift in Sources */ = {isa = PBXBuildFile; fileRef = 03782A042AE3838D00355321 /* AppDelegate.swift */; };
		03782A072AE3838D00355321 /* SceneDelegate.swift in Sources */ = {isa = PBXBuildFile; fileRef = 03782A062AE3838D00355321 /* SceneDelegate.swift */; };
		03782A092AE3838D00355321 /* MainView.swift in Sources */ = {isa = PBXBuildFile; fileRef = 03782A082AE3838D00355321 /* MainView.swift */; };
		03782A0E2AE3838F00355321 /* Assets.xcassets in Resources */ = {isa = PBXBuildFile; fileRef = 03782A0D2AE3838F00355321 /* Assets.xcassets */; };
		03782A112AE3838F00355321 /* LaunchScreen.storyboard in Resources */ = {isa = PBXBuildFile; fileRef = 03782A0F2AE3838F00355321 /* LaunchScreen.storyboard */; };
		03782A1D2AE3875900355321 /* CustomCell.swift in Sources */ = {isa = PBXBuildFile; fileRef = 03782A1C2AE3875900355321 /* CustomCell.swift */; };
		D9244D4CB9CF4F63902AFE31 /* Pods_DocuSketchTestTask.framework in Frameworks */ = {isa = PBXBuildFile; fileRef = 1D1F573602C33FABF971BEA6 /* Pods_DocuSketchTestTask.framework */; };
/* End PBXBuildFile section */

/* Begin PBXFileReference section */
		03782A012AE3838D00355321 /* DocuSketchTestTask.app */ = {isa = PBXFileReference; explicitFileType = wrapper.application; includeInIndex = 0; path = DocuSketchTestTask.app; sourceTree = BUILT_PRODUCTS_DIR; };
		03782A042AE3838D00355321 /* AppDelegate.swift */ = {isa = PBXFileReference; lastKnownFileType = sourcecode.swift; path = AppDelegate.swift; sourceTree = "<group>"; };
		03782A062AE3838D00355321 /* SceneDelegate.swift */ = {isa = PBXFileReference; lastKnownFileType = sourcecode.swift; path = SceneDelegate.swift; sourceTree = "<group>"; };
		03782A082AE3838D00355321 /* MainView.swift */ = {isa = PBXFileReference; lastKnownFileType = sourcecode.swift; path = MainView.swift; sourceTree = "<group>"; };
		03782A0D2AE3838F00355321 /* Assets.xcassets */ = {isa = PBXFileReference; lastKnownFileType = folder.assetcatalog; path = Assets.xcassets; sourceTree = "<group>"; };
		03782A102AE3838F00355321 /* Base */ = {isa = PBXFileReference; lastKnownFileType = file.storyboard; name = Base; path = Base.lproj/LaunchScreen.storyboard; sourceTree = "<group>"; };
		03782A122AE3838F00355321 /* Info.plist */ = {isa = PBXFileReference; lastKnownFileType = text.plist.xml; path = Info.plist; sourceTree = "<group>"; };
		03782A1C2AE3875900355321 /* CustomCell.swift */ = {isa = PBXFileReference; lastKnownFileType = sourcecode.swift; path = CustomCell.swift; sourceTree = "<group>"; };
		1D1F573602C33FABF971BEA6 /* Pods_DocuSketchTestTask.framework */ = {isa = PBXFileReference; explicitFileType = wrapper.framework; includeInIndex = 0; path = Pods_DocuSketchTestTask.framework; sourceTree = BUILT_PRODUCTS_DIR; };
		3DEB54753E35BAB5C416DBAD /* Pods-DocuSketchTestTask.debug.xcconfig */ = {isa = PBXFileReference; includeInIndex = 1; lastKnownFileType = text.xcconfig; name = "Pods-DocuSketchTestTask.debug.xcconfig"; path = "Target Support Files/Pods-DocuSketchTestTask/Pods-DocuSketchTestTask.debug.xcconfig"; sourceTree = "<group>"; };
		FCED44C0A60E25DEC55B7810 /* Pods-DocuSketchTestTask.release.xcconfig */ = {isa = PBXFileReference; includeInIndex = 1; lastKnownFileType = text.xcconfig; name = "Pods-DocuSketchTestTask.release.xcconfig"; path = "Target Support Files/Pods-DocuSketchTestTask/Pods-DocuSketchTestTask.release.xcconfig"; sourceTree = "<group>"; };
/* End PBXFileReference section */

/* Begin PBXFrameworksBuildPhase section */
		037829FE2AE3838D00355321 /* Frameworks */ = {
			isa = PBXFrameworksBuildPhase;
			buildActionMask = 2147483647;
			files = (
				D9244D4CB9CF4F63902AFE31 /* Pods_DocuSketchTestTask.framework in Frameworks */,
			);
			runOnlyForDeploymentPostprocessing = 0;
		};
/* End PBXFrameworksBuildPhase section */

/* Begin PBXGroup section */
		037829F82AE3838D00355321 = {
			isa = PBXGroup;
			children = (
				03782A032AE3838D00355321 /* DocuSketchTestTask */,
				03782A022AE3838D00355321 /* Products */,
				AD19D6C190DF2030C0A6F108 /* Pods */,
				C08EFA5226D1F3D533002069 /* Frameworks */,
			);
			sourceTree = "<group>";
		};
		03782A022AE3838D00355321 /* Products */ = {
			isa = PBXGroup;
			children = (
				03782A012AE3838D00355321 /* DocuSketchTestTask.app */,
			);
			name = Products;
			sourceTree = "<group>";
		};
		03782A032AE3838D00355321 /* DocuSketchTestTask */ = {
			isa = PBXGroup;
			children = (
				03782A1B2AE3874E00355321 /* Custom */,
				03782A1A2AE3873C00355321 /* Controllers */,
				03782A182AE383E200355321 /* Application */,
				03782A082AE3838D00355321 /* MainView.swift */,
				03782A192AE383F400355321 /* Resources */,
			);
			path = DocuSketchTestTask;
			sourceTree = "<group>";
		};
		03782A182AE383E200355321 /* Application */ = {
			isa = PBXGroup;
			children = (
				03782A042AE3838D00355321 /* AppDelegate.swift */,
				03782A062AE3838D00355321 /* SceneDelegate.swift */,
			);
			path = Application;
			sourceTree = "<group>";
		};
		03782A192AE383F400355321 /* Resources */ = {
			isa = PBXGroup;
			children = (
				03782A0D2AE3838F00355321 /* Assets.xcassets */,
				03782A0F2AE3838F00355321 /* LaunchScreen.storyboard */,
				03782A122AE3838F00355321 /* Info.plist */,
			);
			path = Resources;
			sourceTree = "<group>";
		};
		03782A1A2AE3873C00355321 /* Controllers */ = {
			isa = PBXGroup;
			children = (
			);
			path = Controllers;
			sourceTree = "<group>";
		};
		03782A1B2AE3874E00355321 /* Custom */ = {
			isa = PBXGroup;
			children = (
				03782A1C2AE3875900355321 /* CustomCell.swift */,
			);
			path = Custom;
			sourceTree = "<group>";
		};
		AD19D6C190DF2030C0A6F108 /* Pods */ = {
			isa = PBXGroup;
			children = (
				3DEB54753E35BAB5C416DBAD /* Pods-DocuSketchTestTask.debug.xcconfig */,
				FCED44C0A60E25DEC55B7810 /* Pods-DocuSketchTestTask.release.xcconfig */,
			);
			path = Pods;
			sourceTree = "<group>";
		};
		C08EFA5226D1F3D533002069 /* Frameworks */ = {
			isa = PBXGroup;
			children = (
				1D1F573602C33FABF971BEA6 /* Pods_DocuSketchTestTask.framework */,
			);
			name = Frameworks;
			sourceTree = "<group>";
		};
/* End PBXGroup section */

/* Begin PBXNativeTarget section */
		03782A002AE3838D00355321 /* DocuSketchTestTask */ = {
			isa = PBXNativeTarget;
			buildConfigurationList = 03782A152AE3838F00355321 /* Build configuration list for PBXNativeTarget "DocuSketchTestTask" */;
			buildPhases = (
				466CC404C99E39D2703BB346 /* [CP] Check Pods Manifest.lock */,
				037829FD2AE3838D00355321 /* Sources */,
				037829FE2AE3838D00355321 /* Frameworks */,
				037829FF2AE3838D00355321 /* Resources */,
				2E3BD6C446BED6E3715C54CE /* [CP] Embed Pods Frameworks */,
			);
			buildRules = (
			);
			dependencies = (
			);
			name = DocuSketchTestTask;
			productName = DocuSketchTestTask;
			productReference = 03782A012AE3838D00355321 /* DocuSketchTestTask.app */;
			productType = "com.apple.product-type.application";
		};
/* End PBXNativeTarget section */

/* Begin PBXProject section */
		037829F92AE3838D00355321 /* Project object */ = {
			isa = PBXProject;
			attributes = {
				BuildIndependentTargetsInParallel = 1;
				LastSwiftUpdateCheck = 1500;
				LastUpgradeCheck = 1500;
				TargetAttributes = {
					03782A002AE3838D00355321 = {
						CreatedOnToolsVersion = 15.0;
					};
				};
			};
			buildConfigurationList = 037829FC2AE3838D00355321 /* Build configuration list for PBXProject "DocuSketchTestTask" */;
			compatibilityVersion = "Xcode 14.0";
			developmentRegion = en;
			hasScannedForEncodings = 0;
			knownRegions = (
				en,
				Base,
			);
			mainGroup = 037829F82AE3838D00355321;
			productRefGroup = 03782A022AE3838D00355321 /* Products */;
			projectDirPath = "";
			projectRoot = "";
			targets = (
				03782A002AE3838D00355321 /* DocuSketchTestTask */,
			);
		};
/* End PBXProject section */

/* Begin PBXResourcesBuildPhase section */
		037829FF2AE3838D00355321 /* Resources */ = {
			isa = PBXResourcesBuildPhase;
			buildActionMask = 2147483647;
			files = (
				03782A112AE3838F00355321 /* LaunchScreen.storyboard in Resources */,
				03782A0E2AE3838F00355321 /* Assets.xcassets in Resources */,
			);
			runOnlyForDeploymentPostprocessing = 0;
		};
/* End PBXResourcesBuildPhase section */

/* Begin PBXShellScriptBuildPhase section */
		2E3BD6C446BED6E3715C54CE /* [CP] Embed Pods Frameworks */ = {
			isa = PBXShellScriptBuildPhase;
			buildActionMask = 2147483647;
			files = (
			);
			inputFileListPaths = (
				"${PODS_ROOT}/Target Support Files/Pods-DocuSketchTestTask/Pods-DocuSketchTestTask-frameworks-${CONFIGURATION}-input-files.xcfilelist",
			);
			name = "[CP] Embed Pods Frameworks";
			outputFileListPaths = (
				"${PODS_ROOT}/Target Support Files/Pods-DocuSketchTestTask/Pods-DocuSketchTestTask-frameworks-${CONFIGURATION}-output-files.xcfilelist",
			);
			runOnlyForDeploymentPostprocessing = 0;
			shellPath = /bin/sh;
			shellScript = "\"${PODS_ROOT}/Target Support Files/Pods-DocuSketchTestTask/Pods-DocuSketchTestTask-frameworks.sh\"\n";
			showEnvVarsInLog = 0;
		};
		466CC404C99E39D2703BB346 /* [CP] Check Pods Manifest.lock */ = {
			isa = PBXShellScriptBuildPhase;
			buildActionMask = 2147483647;
			files = (
			);
			inputFileListPaths = (
			);
			inputPaths = (
				"${PODS_PODFILE_DIR_PATH}/Podfile.lock",
				"${PODS_ROOT}/Manifest.lock",
			);
			name = "[CP] Check Pods Manifest.lock";
			outputFileListPaths = (
			);
			outputPaths = (
				"$(DERIVED_FILE_DIR)/Pods-DocuSketchTestTask-checkManifestLockResult.txt",
			);
			runOnlyForDeploymentPostprocessing = 0;
			shellPath = /bin/sh;
			shellScript = "diff \"${PODS_PODFILE_DIR_PATH}/Podfile.lock\" \"${PODS_ROOT}/Manifest.lock\" > /dev/null\nif [ $? != 0 ] ; then\n    # print error to STDERR\n    echo \"error: The sandbox is not in sync with the Podfile.lock. Run 'pod install' or update your CocoaPods installation.\" >&2\n    exit 1\nfi\n# This output is used by Xcode 'outputs' to avoid re-running this script phase.\necho \"SUCCESS\" > \"${SCRIPT_OUTPUT_FILE_0}\"\n";
			showEnvVarsInLog = 0;
		};
/* End PBXShellScriptBuildPhase section */

/* Begin PBXSourcesBuildPhase section */
		037829FD2AE3838D00355321 /* Sources */ = {
			isa = PBXSourcesBuildPhase;
			buildActionMask = 2147483647;
			files = (
				03782A092AE3838D00355321 /* MainView.swift in Sources */,
				03782A052AE3838D00355321 /* AppDelegate.swift in Sources */,
				03782A1D2AE3875900355321 /* CustomCell.swift in Sources */,
				03782A072AE3838D00355321 /* SceneDelegate.swift in Sources */,
			);
			runOnlyForDeploymentPostprocessing = 0;
		};
/* End PBXSourcesBuildPhase section */

/* Begin PBXVariantGroup section */
		03782A0F2AE3838F00355321 /* LaunchScreen.storyboard */ = {
			isa = PBXVariantGroup;
			children = (
				03782A102AE3838F00355321 /* Base */,
			);
			name = LaunchScreen.storyboard;
			sourceTree = "<group>";
		};
/* End PBXVariantGroup section */

/* Begin XCBuildConfiguration section */
		03782A132AE3838F00355321 /* Debug */ = {
			isa = XCBuildConfiguration;
			buildSettings = {
				ALWAYS_SEARCH_USER_PATHS = NO;
				ASSETCATALOG_COMPILER_GENERATE_SWIFT_ASSET_SYMBOL_EXTENSIONS = YES;
				CLANG_ANALYZER_NONNULL = YES;
				CLANG_ANALYZER_NUMBER_OBJECT_CONVERSION = YES_AGGRESSIVE;
				CLANG_CXX_LANGUAGE_STANDARD = "gnu++20";
				CLANG_ENABLE_MODULES = YES;
				CLANG_ENABLE_OBJC_ARC = YES;
				CLANG_ENABLE_OBJC_WEAK = YES;
				CLANG_WARN_BLOCK_CAPTURE_AUTORELEASING = YES;
				CLANG_WARN_BOOL_CONVERSION = YES;
				CLANG_WARN_COMMA = YES;
				CLANG_WARN_CONSTANT_CONVERSION = YES;
				CLANG_WARN_DEPRECATED_OBJC_IMPLEMENTATIONS = YES;
				CLANG_WARN_DIRECT_OBJC_ISA_USAGE = YES_ERROR;
				CLANG_WARN_DOCUMENTATION_COMMENTS = YES;
				CLANG_WARN_EMPTY_BODY = YES;
				CLANG_WARN_ENUM_CONVERSION = YES;
				CLANG_WARN_INFINITE_RECURSION = YES;
				CLANG_WARN_INT_CONVERSION = YES;
				CLANG_WARN_NON_LITERAL_NULL_CONVERSION = YES;
				CLANG_WARN_OBJC_IMPLICIT_RETAIN_SELF = YES;
				CLANG_WARN_OBJC_LITERAL_CONVERSION = YES;
				CLANG_WARN_OBJC_ROOT_CLASS = YES_ERROR;
				CLANG_WARN_QUOTED_INCLUDE_IN_FRAMEWORK_HEADER = YES;
				CLANG_WARN_RANGE_LOOP_ANALYSIS = YES;
				CLANG_WARN_STRICT_PROTOTYPES = YES;
				CLANG_WARN_SUSPICIOUS_MOVE = YES;
				CLANG_WARN_UNGUARDED_AVAILABILITY = YES_AGGRESSIVE;
				CLANG_WARN_UNREACHABLE_CODE = YES;
				CLANG_WARN__DUPLICATE_METHOD_MATCH = YES;
				COPY_PHASE_STRIP = NO;
				DEBUG_INFORMATION_FORMAT = dwarf;
				ENABLE_STRICT_OBJC_MSGSEND = YES;
				ENABLE_TESTABILITY = YES;
				ENABLE_USER_SCRIPT_SANDBOXING = NO;
				GCC_C_LANGUAGE_STANDARD = gnu17;
				GCC_DYNAMIC_NO_PIC = NO;
				GCC_NO_COMMON_BLOCKS = YES;
				GCC_OPTIMIZATION_LEVEL = 0;
				GCC_PREPROCESSOR_DEFINITIONS = (
					"DEBUG=1",
					"$(inherited)",
				);
				GCC_WARN_64_TO_32_BIT_CONVERSION = YES;
				GCC_WARN_ABOUT_RETURN_TYPE = YES_ERROR;
				GCC_WARN_UNDECLARED_SELECTOR = YES;
				GCC_WARN_UNINITIALIZED_AUTOS = YES_AGGRESSIVE;
				GCC_WARN_UNUSED_FUNCTION = YES;
				GCC_WARN_UNUSED_VARIABLE = YES;
				IPHONEOS_DEPLOYMENT_TARGET = 17.0;
				LOCALIZATION_PREFERS_STRING_CATALOGS = YES;
				MTL_ENABLE_DEBUG_INFO = INCLUDE_SOURCE;
				MTL_FAST_MATH = YES;
				ONLY_ACTIVE_ARCH = YES;
				SDKROOT = iphoneos;
				SWIFT_ACTIVE_COMPILATION_CONDITIONS = "DEBUG $(inherited)";
				SWIFT_OPTIMIZATION_LEVEL = "-Onone";
			};
			name = Debug;
		};
		03782A142AE3838F00355321 /* Release */ = {
			isa = XCBuildConfiguration;
			buildSettings = {
				ALWAYS_SEARCH_USER_PATHS = NO;
				ASSETCATALOG_COMPILER_GENERATE_SWIFT_ASSET_SYMBOL_EXTENSIONS = YES;
				CLANG_ANALYZER_NONNULL = YES;
				CLANG_ANALYZER_NUMBER_OBJECT_CONVERSION = YES_AGGRESSIVE;
				CLANG_CXX_LANGUAGE_STANDARD = "gnu++20";
				CLANG_ENABLE_MODULES = YES;
				CLANG_ENABLE_OBJC_ARC = YES;
				CLANG_ENABLE_OBJC_WEAK = YES;
				CLANG_WARN_BLOCK_CAPTURE_AUTORELEASING = YES;
				CLANG_WARN_BOOL_CONVERSION = YES;
				CLANG_WARN_COMMA = YES;
				CLANG_WARN_CONSTANT_CONVERSION = YES;
				CLANG_WARN_DEPRECATED_OBJC_IMPLEMENTATIONS = YES;
				CLANG_WARN_DIRECT_OBJC_ISA_USAGE = YES_ERROR;
				CLANG_WARN_DOCUMENTATION_COMMENTS = YES;
				CLANG_WARN_EMPTY_BODY = YES;
				CLANG_WARN_ENUM_CONVERSION = YES;
				CLANG_WARN_INFINITE_RECURSION = YES;
				CLANG_WARN_INT_CONVERSION = YES;
				CLANG_WARN_NON_LITERAL_NULL_CONVERSION = YES;
				CLANG_WARN_OBJC_IMPLICIT_RETAIN_SELF = YES;
				CLANG_WARN_OBJC_LITERAL_CONVERSION = YES;
				CLANG_WARN_OBJC_ROOT_CLASS = YES_ERROR;
				CLANG_WARN_QUOTED_INCLUDE_IN_FRAMEWORK_HEADER = YES;
				CLANG_WARN_RANGE_LOOP_ANALYSIS = YES;
				CLANG_WARN_STRICT_PROTOTYPES = YES;
				CLANG_WARN_SUSPICIOUS_MOVE = YES;
				CLANG_WARN_UNGUARDED_AVAILABILITY = YES_AGGRESSIVE;
				CLANG_WARN_UNREACHABLE_CODE = YES;
				CLANG_WARN__DUPLICATE_METHOD_MATCH = YES;
				COPY_PHASE_STRIP = NO;
				DEBUG_INFORMATION_FORMAT = "dwarf-with-dsym";
				ENABLE_NS_ASSERTIONS = NO;
				ENABLE_STRICT_OBJC_MSGSEND = YES;
				ENABLE_USER_SCRIPT_SANDBOXING = NO;
				GCC_C_LANGUAGE_STANDARD = gnu17;
				GCC_NO_COMMON_BLOCKS = YES;
				GCC_WARN_64_TO_32_BIT_CONVERSION = YES;
				GCC_WARN_ABOUT_RETURN_TYPE = YES_ERROR;
				GCC_WARN_UNDECLARED_SELECTOR = YES;
				GCC_WARN_UNINITIALIZED_AUTOS = YES_AGGRESSIVE;
				GCC_WARN_UNUSED_FUNCTION = YES;
				GCC_WARN_UNUSED_VARIABLE = YES;
				IPHONEOS_DEPLOYMENT_TARGET = 17.0;
				LOCALIZATION_PREFERS_STRING_CATALOGS = YES;
				MTL_ENABLE_DEBUG_INFO = NO;
				MTL_FAST_MATH = YES;
				SDKROOT = iphoneos;
				SWIFT_COMPILATION_MODE = wholemodule;
				VALIDATE_PRODUCT = YES;
			};
			name = Release;
		};
		03782A162AE3838F00355321 /* Debug */ = {
			isa = XCBuildConfiguration;
			baseConfigurationReference = 3DEB54753E35BAB5C416DBAD /* Pods-DocuSketchTestTask.debug.xcconfig */;
			buildSettings = {
				ASSETCATALOG_COMPILER_APPICON_NAME = AppIcon;
				ASSETCATALOG_COMPILER_GLOBAL_ACCENT_COLOR_NAME = AccentColor;
				CODE_SIGN_STYLE = Automatic;
				CURRENT_PROJECT_VERSION = 1;
				DEVELOPMENT_TEAM = CS22N9WW2T;
				GENERATE_INFOPLIST_FILE = YES;
				INFOPLIST_FILE = DocuSketchTestTask/Resources/Info.plist;
				INFOPLIST_KEY_UIApplicationSupportsIndirectInputEvents = YES;
				INFOPLIST_KEY_UILaunchStoryboardName = LaunchScreen;
				INFOPLIST_KEY_UISupportedInterfaceOrientations_iPad = "UIInterfaceOrientationPortrait UIInterfaceOrientationPortraitUpsideDown UIInterfaceOrientationLandscapeLeft UIInterfaceOrientationLandscapeRight";
				INFOPLIST_KEY_UISupportedInterfaceOrientations_iPhone = "UIInterfaceOrientationPortrait UIInterfaceOrientationLandscapeLeft UIInterfaceOrientationLandscapeRight";
				LD_RUNPATH_SEARCH_PATHS = (
					"$(inherited)",
					"@executable_path/Frameworks",
				);
				MARKETING_VERSION = 1.0;
				PRODUCT_BUNDLE_IDENTIFIER = com.akherik.DocuSketchTestTask;
				PRODUCT_NAME = "$(TARGET_NAME)";
				SWIFT_EMIT_LOC_STRINGS = YES;
				SWIFT_VERSION = 5.0;
				TARGETED_DEVICE_FAMILY = "1,2";
			};
			name = Debug;
		};
		03782A172AE3838F00355321 /* Release */ = {
			isa = XCBuildConfiguration;
			baseConfigurationReference = FCED44C0A60E25DEC55B7810 /* Pods-DocuSketchTestTask.release.xcconfig */;
			buildSettings = {
				ASSETCATALOG_COMPILER_APPICON_NAME = AppIcon;
				ASSETCATALOG_COMPILER_GLOBAL_ACCENT_COLOR_NAME = AccentColor;
				CODE_SIGN_STYLE = Automatic;
				CURRENT_PROJECT_VERSION = 1;
				DEVELOPMENT_TEAM = CS22N9WW2T;
				GENERATE_INFOPLIST_FILE = YES;
				INFOPLIST_FILE = DocuSketchTestTask/Resources/Info.plist;
				INFOPLIST_KEY_UIApplicationSupportsIndirectInputEvents = YES;
				INFOPLIST_KEY_UILaunchStoryboardName = LaunchScreen;
				INFOPLIST_KEY_UISupportedInterfaceOrientations_iPad = "UIInterfaceOrientationPortrait UIInterfaceOrientationPortraitUpsideDown UIInterfaceOrientationLandscapeLeft UIInterfaceOrientationLandscapeRight";
				INFOPLIST_KEY_UISupportedInterfaceOrientations_iPhone = "UIInterfaceOrientationPortrait UIInterfaceOrientationLandscapeLeft UIInterfaceOrientationLandscapeRight";
				LD_RUNPATH_SEARCH_PATHS = (
					"$(inherited)",
					"@executable_path/Frameworks",
				);
				MARKETING_VERSION = 1.0;
				PRODUCT_BUNDLE_IDENTIFIER = com.akherik.DocuSketchTestTask;
				PRODUCT_NAME = "$(TARGET_NAME)";
				SWIFT_EMIT_LOC_STRINGS = YES;
				SWIFT_VERSION = 5.0;
				TARGETED_DEVICE_FAMILY = "1,2";
			};
			name = Release;
		};
/* End XCBuildConfiguration section */

/* Begin XCConfigurationList section */
		037829FC2AE3838D00355321 /* Build configuration list for PBXProject "DocuSketchTestTask" */ = {
			isa = XCConfigurationList;
			buildConfigurations = (
				03782A132AE3838F00355321 /* Debug */,
				03782A142AE3838F00355321 /* Release */,
			);
			defaultConfigurationIsVisible = 0;
			defaultConfigurationName = Release;
		};
		03782A152AE3838F00355321 /* Build configuration list for PBXNativeTarget "DocuSketchTestTask" */ = {
			isa = XCConfigurationList;
			buildConfigurations = (
				03782A162AE3838F00355321 /* Debug */,
				03782A172AE3838F00355321 /* Release */,
			);
			defaultConfigurationIsVisible = 0;
			defaultConfigurationName = Release;
		};
/* End XCConfigurationList section */
	};
	rootObject = 037829F92AE3838D00355321 /* Project object */;
}
